
Microsoft Visual Studio Solution File, Format Version 12.00
# Visual Studio 15
VisualStudioVersion = 15.0.28010.2041
MinimumVisualStudioVersion = 10.0.40219.1
Project("{FAE04EC0-301F-11D3-BF4B-00C04F79EFBC}") = "NET1.S.2018.Petrovich.06", "NET1.S.2018.Petrovich.06\NET1.S.2018.Petrovich.06.csproj", "{6EEAFC17-09E3-45A1-BFC1-DC19D7E47A20}"
EndProject
Project("{FAE04EC0-301F-11D3-BF4B-00C04F79EFBC}") = "NET1.S.2018.Petrovich.06.Test", "NET1.S.2018.Petrovich.06.Test\NET1.S.2018.Petrovich.06.Test.csproj", "{4F9319EF-E55A-4F78-88ED-0CDCB649338A}"
EndProject
Global
	GlobalSection(SolutionConfigurationPlatforms) = preSolution
		Debug|Any CPU = Debug|Any CPU
		Release|Any CPU = Release|Any CPU
	EndGlobalSection
	GlobalSection(ProjectConfigurationPlatforms) = postSolution
		{6EEAFC17-09E3-45A1-BFC1-DC19D7E47A20}.Debug|Any CPU.ActiveCfg = Debug|Any CPU
		{6EEAFC17-09E3-45A1-BFC1-DC19D7E47A20}.Debug|Any CPU.Build.0 = Debug|Any CPU
		{6EEAFC17-09E3-45A1-BFC1-DC19D7E47A20}.Release|Any CPU.ActiveCfg = Release|Any CPU
		{6EEAFC17-09E3-45A1-BFC1-DC19D7E47A20}.Release|Any CPU.Build.0 = Release|Any CPU
		{4F9319EF-E55A-4F78-88ED-0CDCB649338A}.Debug|Any CPU.ActiveCfg = Debug|Any CPU
		{4F9319EF-E55A-4F78-88ED-0CDCB649338A}.Debug|Any CPU.Build.0 = Debug|Any CPU
		{4F9319EF-E55A-4F78-88ED-0CDCB649338A}.Release|Any CPU.ActiveCfg = Release|Any CPU
		{4F9319EF-E55A-4F78-88ED-0CDCB649338A}.Release|Any CPU.Build.0 = Release|Any CPU
	EndGlobalSection
	GlobalSection(SolutionProperties) = preSolution
		HideSolutionNode = FALSE
	EndGlobalSection
	GlobalSection(ExtensibilityGlobals) = postSolution
		SolutionGuid = {617D25EF-6439-4445-9E45-5A8478FBBA48}
	EndGlobalSection
EndGlobal
